
Microsoft Visual Studio Solution File, Format Version 12.00
# Visual Studio Version 17
VisualStudioVersion = 17.14.36408.4
MinimumVisualStudioVersion = 10.0.40219.1
Project("{FAE04EC0-301F-11D3-BF4B-00C04F79EFBC}") = "QLNhaThuoc", "QLNhaThuoc\QLNhaThuoc.csproj", "{C2488C8E-CE24-4DE9-9D1A-6BE6C5884C9D}"
EndProject
Global
	GlobalSection(SolutionConfigurationPlatforms) = preSolution
		Debug|Any CPU = Debug|Any CPU
		Release|Any CPU = Release|Any CPU
	EndGlobalSection
	GlobalSection(ProjectConfigurationPlatforms) = postSolution
		{C2488C8E-CE24-4DE9-9D1A-6BE6C5884C9D}.Debug|Any CPU.ActiveCfg = Debug|Any CPU
		{C2488C8E-CE24-4DE9-9D1A-6BE6C5884C9D}.Debug|Any CPU.Build.0 = Debug|Any CPU
		{C2488C8E-CE24-4DE9-9D1A-6BE6C5884C9D}.Release|Any CPU.ActiveCfg = Release|Any CPU
		{C2488C8E-CE24-4DE9-9D1A-6BE6C5884C9D}.Release|Any CPU.Build.0 = Release|Any CPU
	EndGlobalSection
	GlobalSection(SolutionProperties) = preSolution
		HideSolutionNode = FALSE
	EndGlobalSection
	GlobalSection(ExtensibilityGlobals) = postSolution
		SolutionGuid = {04C353C8-E997-4296-A250-33DC4ABEAED1}
	EndGlobalSection
EndGlobal
